
Microsoft Visual Studio Solution File, Format Version 12.00
# Visual Studio 15
VisualStudioVersion = 15.0.28010.2026
MinimumVisualStudioVersion = 10.0.40219.1
Project("{FAE04EC0-301F-11D3-BF4B-00C04F79EFBC}") = "ClassLibrary1", "ClassLibrary1\ClassLibrary1.csproj", "{09AEC4CE-3E5C-416B-9B9E-949785A5E24E}"
EndProject
Project("{FAE04EC0-301F-11D3-BF4B-00C04F79EFBC}") = "WebApplication1", "WebApplication1\WebApplication1.csproj", "{74BDDA64-0155-400F-B8EA-9D9C7EB695D3}"
EndProject
Global
	GlobalSection(SolutionConfigurationPlatforms) = preSolution
		Debug|Any CPU = Debug|Any CPU
		Release|Any CPU = Release|Any CPU
	EndGlobalSection
	GlobalSection(ProjectConfigurationPlatforms) = postSolution
		{09AEC4CE-3E5C-416B-9B9E-949785A5E24E}.Debug|Any CPU.ActiveCfg = Debug|Any CPU
		{09AEC4CE-3E5C-416B-9B9E-949785A5E24E}.Debug|Any CPU.Build.0 = Debug|Any CPU
		{09AEC4CE-3E5C-416B-9B9E-949785A5E24E}.Release|Any CPU.ActiveCfg = Release|Any CPU
		{09AEC4CE-3E5C-416B-9B9E-949785A5E24E}.Release|Any CPU.Build.0 = Release|Any CPU
		{74BDDA64-0155-400F-B8EA-9D9C7EB695D3}.Debug|Any CPU.ActiveCfg = Debug|Any CPU
		{74BDDA64-0155-400F-B8EA-9D9C7EB695D3}.Debug|Any CPU.Build.0 = Debug|Any CPU
		{74BDDA64-0155-400F-B8EA-9D9C7EB695D3}.Release|Any CPU.ActiveCfg = Release|Any CPU
		{74BDDA64-0155-400F-B8EA-9D9C7EB695D3}.Release|Any CPU.Build.0 = Release|Any CPU
	EndGlobalSection
	GlobalSection(SolutionProperties) = preSolution
		HideSolutionNode = FALSE
	EndGlobalSection
	GlobalSection(ExtensibilityGlobals) = postSolution
		SolutionGuid = {1E040F2B-932B-488F-8DCA-EC2439A59637}
	EndGlobalSection
EndGlobal
